
Microsoft Visual Studio Solution File, Format Version 12.00
Project("{FAE04EC0-301F-11D3-BF4B-00C04F79EFBC}") = "03-Hangman", "03-Hangman.csproj", "{45370126-B80B-4418-94D5-2439B94FCBB1}"
EndProject
Global
	GlobalSection(SolutionConfigurationPlatforms) = preSolution
		Debug|Any CPU = Debug|Any CPU
		Release|Any CPU = Release|Any CPU
	EndGlobalSection
	GlobalSection(ProjectConfigurationPlatforms) = postSolution
		{45370126-B80B-4418-94D5-2439B94FCBB1}.Debug|Any CPU.ActiveCfg = Debug|Any CPU
		{45370126-B80B-4418-94D5-2439B94FCBB1}.Debug|Any CPU.Build.0 = Debug|Any CPU
		{45370126-B80B-4418-94D5-2439B94FCBB1}.Release|Any CPU.ActiveCfg = Release|Any CPU
		{45370126-B80B-4418-94D5-2439B94FCBB1}.Release|Any CPU.Build.0 = Release|Any CPU
	EndGlobalSection
EndGlobal
